
Microsoft Visual Studio Solution File, Format Version 12.00
# Visual Studio Version 17
VisualStudioVersion = 17.6.33829.357
MinimumVisualStudioVersion = 10.0.40219.1
Project("{9A19103F-16F7-4668-BE54-9A1E7A4F7556}") = "MusicSync", "MusicSync\MusicSync.csproj", "{6AAEF4B6-3472-4EF4-9BA1-AB0016CABB71}"
EndProject
Global
	GlobalSection(SolutionConfigurationPlatforms) = preSolution
		Debug|Any CPU = Debug|Any CPU
		Release|Any CPU = Release|Any CPU
	EndGlobalSection
	GlobalSection(ProjectConfigurationPlatforms) = postSolution
		{6AAEF4B6-3472-4EF4-9BA1-AB0016CABB71}.Debug|Any CPU.ActiveCfg = Debug|Any CPU
		{6AAEF4B6-3472-4EF4-9BA1-AB0016CABB71}.Debug|Any CPU.Build.0 = Debug|Any CPU
		{6AAEF4B6-3472-4EF4-9BA1-AB0016CABB71}.Release|Any CPU.ActiveCfg = Release|Any CPU
		{6AAEF4B6-3472-4EF4-9BA1-AB0016CABB71}.Release|Any CPU.Build.0 = Release|Any CPU
	EndGlobalSection
	GlobalSection(SolutionProperties) = preSolution
		HideSolutionNode = FALSE
	EndGlobalSection
	GlobalSection(ExtensibilityGlobals) = postSolution
		SolutionGuid = {ED907C34-F372-4255-8ADC-E61C96C0B4DF}
	EndGlobalSection
EndGlobal
